
Microsoft Visual Studio Solution File, Format Version 12.00
# Visual Studio 2013
VisualStudioVersion = 12.0.31101.0
MinimumVisualStudioVersion = 10.0.40219.1
Project("{FAE04EC0-301F-11D3-BF4B-00C04F79EFBC}") = "wallet", "wallet\wallet.csproj", "{F27F3F06-DFA6-4374-A1D0-792B2B5A1398}"
	ProjectSection(ProjectDependencies) = postProject
		{28BF75FD-49C9-44E2-AFFA-F68261618D0B} = {28BF75FD-49C9-44E2-AFFA-F68261618D0B}
	EndProjectSection
EndProject
Project("{FAE04EC0-301F-11D3-BF4B-00C04F79EFBC}") = "walletDatabase", "walletDatabase\walletDatabase.csproj", "{28BF75FD-49C9-44E2-AFFA-F68261618D0B}"
EndProject
Global
	GlobalSection(SolutionConfigurationPlatforms) = preSolution
		Debug|Any CPU = Debug|Any CPU
		Release|Any CPU = Release|Any CPU
	EndGlobalSection
	GlobalSection(ProjectConfigurationPlatforms) = postSolution
		{F27F3F06-DFA6-4374-A1D0-792B2B5A1398}.Debug|Any CPU.ActiveCfg = Debug|Any CPU
		{F27F3F06-DFA6-4374-A1D0-792B2B5A1398}.Debug|Any CPU.Build.0 = Debug|Any CPU
		{F27F3F06-DFA6-4374-A1D0-792B2B5A1398}.Release|Any CPU.ActiveCfg = Release|Any CPU
		{F27F3F06-DFA6-4374-A1D0-792B2B5A1398}.Release|Any CPU.Build.0 = Release|Any CPU
		{28BF75FD-49C9-44E2-AFFA-F68261618D0B}.Debug|Any CPU.ActiveCfg = Debug|Any CPU
		{28BF75FD-49C9-44E2-AFFA-F68261618D0B}.Debug|Any CPU.Build.0 = Debug|Any CPU
		{28BF75FD-49C9-44E2-AFFA-F68261618D0B}.Release|Any CPU.ActiveCfg = Release|Any CPU
		{28BF75FD-49C9-44E2-AFFA-F68261618D0B}.Release|Any CPU.Build.0 = Release|Any CPU
	EndGlobalSection
	GlobalSection(SolutionProperties) = preSolution
		HideSolutionNode = FALSE
	EndGlobalSection
EndGlobal
